// !$*UTF8*$!
{
	archiveVersion = 1;
	classes = {
	};
	objectVersion = 50;
	objects = {

/* Begin PBXBuildFile section */
		FFBEAB07231EAB2E00FF3CB9 /* AppDelegate.swift in Sources */ = {isa = PBXBuildFile; fileRef = FFBEAB06231EAB2E00FF3CB9 /* AppDelegate.swift */; };
		FFBEAB09231EAB2E00FF3CB9 /* ViewController.swift in Sources */ = {isa = PBXBuildFile; fileRef = FFBEAB08231EAB2E00FF3CB9 /* ViewController.swift */; };
		FFBEAB0C231EAB2E00FF3CB9 /* Main.storyboard in Resources */ = {isa = PBXBuildFile; fileRef = FFBEAB0A231EAB2E00FF3CB9 /* Main.storyboard */; };
		FFBEAB0E231EAB2F00FF3CB9 /* Assets.xcassets in Resources */ = {isa = PBXBuildFile; fileRef = FFBEAB0D231EAB2F00FF3CB9 /* Assets.xcassets */; };
		FFBEAB11231EAB2F00FF3CB9 /* LaunchScreen.storyboard in Resources */ = {isa = PBXBuildFile; fileRef = FFBEAB0F231EAB2F00FF3CB9 /* LaunchScreen.storyboard */; };
/* End PBXBuildFile section */

/* Begin PBXFileReference section */
		FFBEAB03231EAB2E00FF3CB9 /* InstagramWtihFireBase.app */ = {isa = PBXFileReference; explicitFileType = wrapper.application; includeInIndex = 0; path = InstagramWtihFireBase.app; sourceTree = BUILT_PRODUCTS_DIR; };
		FFBEAB06231EAB2E00FF3CB9 /* AppDelegate.swift */ = {isa = PBXFileReference; lastKnownFileType = sourcecode.swift; path = AppDelegate.swift; sourceTree = "<group>"; };
		FFBEAB08231EAB2E00FF3CB9 /* ViewController.swift */ = {isa = PBXFileReference; lastKnownFileType = sourcecode.swift; path = ViewController.swift; sourceTree = "<group>"; };
		FFBEAB0B231EAB2E00FF3CB9 /* Base */ = {isa = PBXFileReference; lastKnownFileType = file.storyboard; name = Base; path = Base.lproj/Main.storyboard; sourceTree = "<group>"; };
		FFBEAB0D231EAB2F00FF3CB9 /* Assets.xcassets */ = {isa = PBXFileReference; lastKnownFileType = folder.assetcatalog; path = Assets.xcassets; sourceTree = "<group>"; };
		FFBEAB10231EAB2F00FF3CB9 /* Base */ = {isa = PBXFileReference; lastKnownFileType = file.storyboard; name = Base; path = Base.lproj/LaunchScreen.storyboard; sourceTree = "<group>"; };
		FFBEAB12231EAB2F00FF3CB9 /* Info.plist */ = {isa = PBXFileReference; lastKnownFileType = text.plist.xml; path = Info.plist; sourceTree = "<group>"; };
/* End PBXFileReference section */

/* Begin PBXFrameworksBuildPhase section */
		FFBEAB00231EAB2E00FF3CB9 /* Frameworks */ = {
			isa = PBXFrameworksBuildPhase;
			buildActionMask = 2147483647;
			files = (
			);
			runOnlyForDeploymentPostprocessing = 0;
		};
/* End PBXFrameworksBuildPhase section */

/* Begin PBXGroup section */
		FFBEAAFA231EAB2E00FF3CB9 = {
			isa = PBXGroup;
			children = (
				FFBEAB05231EAB2E00FF3CB9 /* InstagramWtihFireBase */,
				FFBEAB04231EAB2E00FF3CB9 /* Products */,
			);
			sourceTree = "<group>";
		};
		FFBEAB04231EAB2E00FF3CB9 /* Products */ = {
			isa = PBXGroup;
			children = (
				FFBEAB03231EAB2E00FF3CB9 /* InstagramWtihFireBase.app */,
			);
			name = Products;
			sourceTree = "<group>";
		};
		FFBEAB05231EAB2E00FF3CB9 /* InstagramWtihFireBase */ = {
			isa = PBXGroup;
			children = (
				FFBEAB06231EAB2E00FF3CB9 /* AppDelegate.swift */,
				FFBEAB08231EAB2E00FF3CB9 /* ViewController.swift */,
				FFBEAB0A231EAB2E00FF3CB9 /* Main.storyboard */,
				FFBEAB0D231EAB2F00FF3CB9 /* Assets.xcassets */,
				FFBEAB0F231EAB2F00FF3CB9 /* LaunchScreen.storyboard */,
				FFBEAB12231EAB2F00FF3CB9 /* Info.plist */,
			);
			path = InstagramWtihFireBase;
			sourceTree = "<group>";
		};
/* End PBXGroup section */

/* Begin PBXNativeTarget section */
		FFBEAB02231EAB2E00FF3CB9 /* InstagramWtihFireBase */ = {
			isa = PBXNativeTarget;
			buildConfigurationList = FFBEAB15231EAB2F00FF3CB9 /* Build configuration list for PBXNativeTarget "InstagramWtihFireBase" */;
			buildPhases = (
				FFBEAAFF231EAB2E00FF3CB9 /* Sources */,
				FFBEAB00231EAB2E00FF3CB9 /* Frameworks */,
				FFBEAB01231EAB2E00FF3CB9 /* Resources */,
			);
			buildRules = (
			);
			dependencies = (
			);
			name = InstagramWtihFireBase;
			productName = InstagramWtihFireBase;
			productReference = FFBEAB03231EAB2E00FF3CB9 /* InstagramWtihFireBase.app */;
			productType = "com.apple.product-type.application";
		};
/* End PBXNativeTarget section */

/* Begin PBXProject section */
		FFBEAAFB231EAB2E00FF3CB9 /* Project object */ = {
			isa = PBXProject;
			attributes = {
				LastSwiftUpdateCheck = 1030;
				LastUpgradeCheck = 1030;
				ORGANIZATIONNAME = "Fuad Hasan";
				TargetAttributes = {
					FFBEAB02231EAB2E00FF3CB9 = {
						CreatedOnToolsVersion = 10.3;
					};
				};
			};
			buildConfigurationList = FFBEAAFE231EAB2E00FF3CB9 /* Build configuration list for PBXProject "InstagramWtihFireBase" */;
			compatibilityVersion = "Xcode 9.3";
			developmentRegion = en;
			hasScannedForEncodings = 0;
			knownRegions = (
				en,
				Base,
			);
			mainGroup = FFBEAAFA231EAB2E00FF3CB9;
			productRefGroup = FFBEAB04231EAB2E00FF3CB9 /* Products */;
			projectDirPath = "";
			projectRoot = "";
			targets = (
				FFBEAB02231EAB2E00FF3CB9 /* InstagramWtihFireBase */,
			);
		};
/* End PBXProject section */

/* Begin PBXResourcesBuildPhase section */
		FFBEAB01231EAB2E00FF3CB9 /* Resources */ = {
			isa = PBXResourcesBuildPhase;
			buildActionMask = 2147483647;
			files = (
				FFBEAB11231EAB2F00FF3CB9 /* LaunchScreen.storyboard in Resources */,
				FFBEAB0E231EAB2F00FF3CB9 /* Assets.xcassets in Resources */,
				FFBEAB0C231EAB2E00FF3CB9 /* Main.storyboard in Resources */,
			);
			runOnlyForDeploymentPostprocessing = 0;
		};
/* End PBXResourcesBuildPhase section */

/* Begin PBXSourcesBuildPhase section */
		FFBEAAFF231EAB2E00FF3CB9 /* Sources */ = {
			isa = PBXSourcesBuildPhase;
			buildActionMask = 2147483647;
			files = (
				FFBEAB09231EAB2E00FF3CB9 /* ViewController.swift in Sources */,
				FFBEAB07231EAB2E00FF3CB9 /* AppDelegate.swift in Sources */,
			);
			runOnlyForDeploymentPostprocessing = 0;
		};
/* End PBXSourcesBuildPhase section */

/* Begin PBXVariantGroup section */
		FFBEAB0A231EAB2E00FF3CB9 /* Main.storyboard */ = {
			isa = PBXVariantGroup;
			children = (
				FFBEAB0B231EAB2E00FF3CB9 /* Base */,
			);
			name = Main.storyboard;
			sourceTree = "<group>";
		};
		FFBEAB0F231EAB2F00FF3CB9 /* LaunchScreen.storyboard */ = {
			isa = PBXVariantGroup;
			children = (
				FFBEAB10231EAB2F00FF3CB9 /* Base */,
			);
			name = LaunchScreen.storyboard;
			sourceTree = "<group>";
		};
/* End PBXVariantGroup section */

/* Begin XCBuildConfiguration section */
		FFBEAB13231EAB2F00FF3CB9 /* Debug */ = {
			isa = XCBuildConfiguration;
			buildSettings = {
				ALWAYS_SEARCH_USER_PATHS = NO;
				CLANG_ANALYZER_NONNULL = YES;
				CLANG_ANALYZER_NUMBER_OBJECT_CONVERSION = YES_AGGRESSIVE;
				CLANG_CXX_LANGUAGE_STANDARD = "gnu++14";
				CLANG_CXX_LIBRARY = "libc++";
				CLANG_ENABLE_MODULES = YES;
				CLANG_ENABLE_OBJC_ARC = YES;
				CLANG_ENABLE_OBJC_WEAK = YES;
				CLANG_WARN_BLOCK_CAPTURE_AUTORELEASING = YES;
				CLANG_WARN_BOOL_CONVERSION = YES;
				CLANG_WARN_COMMA = YES;
				CLANG_WARN_CONSTANT_CONVERSION = YES;
				CLANG_WARN_DEPRECATED_OBJC_IMPLEMENTATIONS = YES;
				CLANG_WARN_DIRECT_OBJC_ISA_USAGE = YES_ERROR;
				CLANG_WARN_DOCUMENTATION_COMMENTS = YES;
				CLANG_WARN_EMPTY_BODY = YES;
				CLANG_WARN_ENUM_CONVERSION = YES;
				CLANG_WARN_INFINITE_RECURSION = YES;
				CLANG_WARN_INT_CONVERSION = YES;
				CLANG_WARN_NON_LITERAL_NULL_CONVERSION = YES;
				CLANG_WARN_OBJC_IMPLICIT_RETAIN_SELF = YES;
				CLANG_WARN_OBJC_LITERAL_CONVERSION = YES;
				CLANG_WARN_OBJC_ROOT_CLASS = YES_ERROR;
				CLANG_WARN_RANGE_LOOP_ANALYSIS = YES;
				CLANG_WARN_STRICT_PROTOTYPES = YES;
				CLANG_WARN_SUSPICIOUS_MOVE = YES;
				CLANG_WARN_UNGUARDED_AVAILABILITY = YES_AGGRESSIVE;
				CLANG_WARN_UNREACHABLE_CODE = YES;
				CLANG_WARN__DUPLICATE_METHOD_MATCH = YES;
				CODE_SIGN_IDENTITY = "iPhone Developer";
				COPY_PHASE_STRIP = NO;
				DEBUG_INFORMATION_FORMAT = dwarf;
				ENABLE_STRICT_OBJC_MSGSEND = YES;
				ENABLE_TESTABILITY = YES;
				GCC_C_LANGUAGE_STANDARD = gnu11;
				GCC_DYNAMIC_NO_PIC = NO;
				GCC_NO_COMMON_BLOCKS = YES;
				GCC_OPTIMIZATION_LEVEL = 0;
				GCC_PREPROCESSOR_DEFINITIONS = (
					"DEBUG=1",
					"$(inherited)",
				);
				GCC_WARN_64_TO_32_BIT_CONVERSION = YES;
				GCC_WARN_ABOUT_RETURN_TYPE = YES_ERROR;
				GCC_WARN_UNDECLARED_SELECTOR = YES;
				GCC_WARN_UNINITIALIZED_AUTOS = YES_AGGRESSIVE;
				GCC_WARN_UNUSED_FUNCTION = YES;
				GCC_WARN_UNUSED_VARIABLE = YES;
				IPHONEOS_DEPLOYMENT_TARGET = 12.4;
				MTL_ENABLE_DEBUG_INFO = INCLUDE_SOURCE;
				MTL_FAST_MATH = YES;
				ONLY_ACTIVE_ARCH = YES;
				SDKROOT = iphoneos;
				SWIFT_ACTIVE_COMPILATION_CONDITIONS = DEBUG;
				SWIFT_OPTIMIZATION_LEVEL = "-Onone";
			};
			name = Debug;
		};
		FFBEAB14231EAB2F00FF3CB9 /* Release */ = {
			isa = XCBuildConfiguration;
			buildSettings = {
				ALWAYS_SEARCH_USER_PATHS = NO;
				CLANG_ANALYZER_NONNULL = YES;
				CLANG_ANALYZER_NUMBER_OBJECT_CONVERSION = YES_AGGRESSIVE;
				CLANG_CXX_LANGUAGE_STANDARD = "gnu++14";
				CLANG_CXX_LIBRARY = "libc++";
				CLANG_ENABLE_MODULES = YES;
				CLANG_ENABLE_OBJC_ARC = YES;
				CLANG_ENABLE_OBJC_WEAK = YES;
				CLANG_WARN_BLOCK_CAPTURE_AUTORELEASING = YES;
				CLANG_WARN_BOOL_CONVERSION = YES;
				CLANG_WARN_COMMA = YES;
				CLANG_WARN_CONSTANT_CONVERSION = YES;
				CLANG_WARN_DEPRECATED_OBJC_IMPLEMENTATIONS = YES;
				CLANG_WARN_DIRECT_OBJC_ISA_USAGE = YES_ERROR;
				CLANG_WARN_DOCUMENTATION_COMMENTS = YES;
				CLANG_WARN_EMPTY_BODY = YES;
				CLANG_WARN_ENUM_CONVERSION = YES;
				CLANG_WARN_INFINITE_RECURSION = YES;
				CLANG_WARN_INT_CONVERSION = YES;
				CLANG_WARN_NON_LITERAL_NULL_CONVERSION = YES;
				CLANG_WARN_OBJC_IMPLICIT_RETAIN_SELF = YES;
				CLANG_WARN_OBJC_LITERAL_CONVERSION = YES;
				CLANG_WARN_OBJC_ROOT_CLASS = YES_ERROR;
				CLANG_WARN_RANGE_LOOP_ANALYSIS = YES;
				CLANG_WARN_STRICT_PROTOTYPES = YES;
				CLANG_WARN_SUSPICIOUS_MOVE = YES;
				CLANG_WARN_UNGUARDED_AVAILABILITY = YES_AGGRESSIVE;
				CLANG_WARN_UNREACHABLE_CODE = YES;
				CLANG_WARN__DUPLICATE_METHOD_MATCH = YES;
				CODE_SIGN_IDENTITY = "iPhone Developer";
				COPY_PHASE_STRIP = NO;
				DEBUG_INFORMATION_FORMAT = "dwarf-with-dsym";
				ENABLE_NS_ASSERTIONS = NO;
				ENABLE_STRICT_OBJC_MSGSEND = YES;
				GCC_C_LANGUAGE_STANDARD = gnu11;
				GCC_NO_COMMON_BLOCKS = YES;
				GCC_WARN_64_TO_32_BIT_CONVERSION = YES;
				GCC_WARN_ABOUT_RETURN_TYPE = YES_ERROR;
				GCC_WARN_UNDECLARED_SELECTOR = YES;
				GCC_WARN_UNINITIALIZED_AUTOS = YES_AGGRESSIVE;
				GCC_WARN_UNUSED_FUNCTION = YES;
				GCC_WARN_UNUSED_VARIABLE = YES;
				IPHONEOS_DEPLOYMENT_TARGET = 12.4;
				MTL_ENABLE_DEBUG_INFO = NO;
				MTL_FAST_MATH = YES;
				SDKROOT = iphoneos;
				SWIFT_COMPILATION_MODE = wholemodule;
				SWIFT_OPTIMIZATION_LEVEL = "-O";
				VALIDATE_PRODUCT = YES;
			};
			name = Release;
		};
		FFBEAB16231EAB2F00FF3CB9 /* Debug */ = {
			isa = XCBuildConfiguration;
			buildSettings = {
				ASSETCATALOG_COMPILER_APPICON_NAME = AppIcon;
				CODE_SIGN_STYLE = Automatic;
				DEVELOPMENT_TEAM = ZAN2V6323J;
				INFOPLIST_FILE = InstagramWtihFireBase/Info.plist;
				LD_RUNPATH_SEARCH_PATHS = (
					"$(inherited)",
					"@executable_path/Frameworks",
				);
				PRODUCT_BUNDLE_IDENTIFIER = EWU.InstagramWtihFireBase;
				PRODUCT_NAME = "$(TARGET_NAME)";
				SWIFT_VERSION = 5.0;
				TARGETED_DEVICE_FAMILY = "1,2";
			};
			name = Debug;
		};
		FFBEAB17231EAB2F00FF3CB9 /* Release */ = {
			isa = XCBuildConfiguration;
			buildSettings = {
				ASSETCATALOG_COMPILER_APPICON_NAME = AppIcon;
				CODE_SIGN_STYLE = Automatic;
				DEVELOPMENT_TEAM = ZAN2V6323J;
				INFOPLIST_FILE = InstagramWtihFireBase/Info.plist;
				LD_RUNPATH_SEARCH_PATHS = (
					"$(inherited)",
					"@executable_path/Frameworks",
				);
				PRODUCT_BUNDLE_IDENTIFIER = EWU.InstagramWtihFireBase;
				PRODUCT_NAME = "$(TARGET_NAME)";
				SWIFT_VERSION = 5.0;
				TARGETED_DEVICE_FAMILY = "1,2";
			};
			name = Release;
		};
/* End XCBuildConfiguration section */

/* Begin XCConfigurationList section */
		FFBEAAFE231EAB2E00FF3CB9 /* Build configuration list for PBXProject "InstagramWtihFireBase" */ = {
			isa = XCConfigurationList;
			buildConfigurations = (
				FFBEAB13231EAB2F00FF3CB9 /* Debug */,
				FFBEAB14231EAB2F00FF3CB9 /* Release */,
			);
			defaultConfigurationIsVisible = 0;
			defaultConfigurationName = Release;
		};
		FFBEAB15231EAB2F00FF3CB9 /* Build configuration list for PBXNativeTarget "InstagramWtihFireBase" */ = {
			isa = XCConfigurationList;
			buildConfigurations = (
				FFBEAB16231EAB2F00FF3CB9 /* Debug */,
				FFBEAB17231EAB2F00FF3CB9 /* Release */,
			);
			defaultConfigurationIsVisible = 0;
			defaultConfigurationName = Release;
		};
/* End XCConfigurationList section */
	};
	rootObject = FFBEAAFB231EAB2E00FF3CB9 /* Project object */;
}
